
Microsoft Visual Studio Solution File, Format Version 12.00
# Visual Studio 15
VisualStudioVersion = 15.0.28307.421
MinimumVisualStudioVersion = 10.0.40219.1
Project("{FAE04EC0-301F-11D3-BF4B-00C04F79EFBC}") = "Double Linked List", "Double Linked List\Double Linked List.csproj", "{ECF40177-AA9A-4275-BCDF-CC372F632684}"
EndProject
Global
	GlobalSection(SolutionConfigurationPlatforms) = preSolution
		Debug|Any CPU = Debug|Any CPU
		Release|Any CPU = Release|Any CPU
	EndGlobalSection
	GlobalSection(ProjectConfigurationPlatforms) = postSolution
		{ECF40177-AA9A-4275-BCDF-CC372F632684}.Debug|Any CPU.ActiveCfg = Debug|Any CPU
		{ECF40177-AA9A-4275-BCDF-CC372F632684}.Debug|Any CPU.Build.0 = Debug|Any CPU
		{ECF40177-AA9A-4275-BCDF-CC372F632684}.Release|Any CPU.ActiveCfg = Release|Any CPU
		{ECF40177-AA9A-4275-BCDF-CC372F632684}.Release|Any CPU.Build.0 = Release|Any CPU
	EndGlobalSection
	GlobalSection(SolutionProperties) = preSolution
		HideSolutionNode = FALSE
	EndGlobalSection
	GlobalSection(ExtensibilityGlobals) = postSolution
		SolutionGuid = {61BFCF59-AC0C-4A72-98B0-B5F2B725E0C3}
	EndGlobalSection
EndGlobal
